// !$*UTF8*$!
{
	archiveVersion = 1;
	classes = {
	};
	objectVersion = 52;
	objects = {

/* Begin PBXBuildFile section */
		BF00551424EF8E5C000B1029 /* ContactModel.swift in Sources */ = {isa = PBXBuildFile; fileRef = BF00551324EF8E5C000B1029 /* ContactModel.swift */; };
		BF00551724EF9917000B1029 /* ContactViewModel.swift in Sources */ = {isa = PBXBuildFile; fileRef = BF00551624EF9916000B1029 /* ContactViewModel.swift */; };
		BF00551A24EFACA7000B1029 /* Server.swift in Sources */ = {isa = PBXBuildFile; fileRef = BF00551924EFACA7000B1029 /* Server.swift */; };
		BFB2CE4524EE92030037EAB6 /* AppDelegate.swift in Sources */ = {isa = PBXBuildFile; fileRef = BFB2CE4424EE92030037EAB6 /* AppDelegate.swift */; };
		BFB2CE4724EE92030037EAB6 /* SceneDelegate.swift in Sources */ = {isa = PBXBuildFile; fileRef = BFB2CE4624EE92030037EAB6 /* SceneDelegate.swift */; };
		BFB2CE4924EE92030037EAB6 /* ContentView.swift in Sources */ = {isa = PBXBuildFile; fileRef = BFB2CE4824EE92030037EAB6 /* ContentView.swift */; };
		BFB2CE4B24EE92050037EAB6 /* Assets.xcassets in Resources */ = {isa = PBXBuildFile; fileRef = BFB2CE4A24EE92050037EAB6 /* Assets.xcassets */; };
		BFB2CE4E24EE92050037EAB6 /* Preview Assets.xcassets in Resources */ = {isa = PBXBuildFile; fileRef = BFB2CE4D24EE92050037EAB6 /* Preview Assets.xcassets */; };
		BFB2CE5124EE92050037EAB6 /* LaunchScreen.storyboard in Resources */ = {isa = PBXBuildFile; fileRef = BFB2CE4F24EE92050037EAB6 /* LaunchScreen.storyboard */; };
		BFB2CE5A24EE98BF0037EAB6 /* SocketIO in Frameworks */ = {isa = PBXBuildFile; productRef = BFB2CE5924EE98BF0037EAB6 /* SocketIO */; };
		BFB2CE5D24EE9C9D0037EAB6 /* ContactView.swift in Sources */ = {isa = PBXBuildFile; fileRef = BFB2CE5C24EE9C9D0037EAB6 /* ContactView.swift */; };
		BFB2CE5F24EE9CA80037EAB6 /* SettingsView.swift in Sources */ = {isa = PBXBuildFile; fileRef = BFB2CE5E24EE9CA80037EAB6 /* SettingsView.swift */; };
		BFB2CE6124EE9CBE0037EAB6 /* ChatListView.swift in Sources */ = {isa = PBXBuildFile; fileRef = BFB2CE6024EE9CBE0037EAB6 /* ChatListView.swift */; };
/* End PBXBuildFile section */

/* Begin PBXFileReference section */
		BF00551324EF8E5C000B1029 /* ContactModel.swift */ = {isa = PBXFileReference; lastKnownFileType = sourcecode.swift; path = ContactModel.swift; sourceTree = "<group>"; };
		BF00551624EF9916000B1029 /* ContactViewModel.swift */ = {isa = PBXFileReference; lastKnownFileType = sourcecode.swift; path = ContactViewModel.swift; sourceTree = "<group>"; };
		BF00551924EFACA7000B1029 /* Server.swift */ = {isa = PBXFileReference; lastKnownFileType = sourcecode.swift; path = Server.swift; sourceTree = "<group>"; };
		BFB2CE4124EE92030037EAB6 /* Transmister.app */ = {isa = PBXFileReference; explicitFileType = wrapper.application; includeInIndex = 0; path = Transmister.app; sourceTree = BUILT_PRODUCTS_DIR; };
		BFB2CE4424EE92030037EAB6 /* AppDelegate.swift */ = {isa = PBXFileReference; lastKnownFileType = sourcecode.swift; path = AppDelegate.swift; sourceTree = "<group>"; };
		BFB2CE4624EE92030037EAB6 /* SceneDelegate.swift */ = {isa = PBXFileReference; lastKnownFileType = sourcecode.swift; path = SceneDelegate.swift; sourceTree = "<group>"; };
		BFB2CE4824EE92030037EAB6 /* ContentView.swift */ = {isa = PBXFileReference; lastKnownFileType = sourcecode.swift; path = ContentView.swift; sourceTree = "<group>"; };
		BFB2CE4A24EE92050037EAB6 /* Assets.xcassets */ = {isa = PBXFileReference; lastKnownFileType = folder.assetcatalog; path = Assets.xcassets; sourceTree = "<group>"; };
		BFB2CE4D24EE92050037EAB6 /* Preview Assets.xcassets */ = {isa = PBXFileReference; lastKnownFileType = folder.assetcatalog; path = "Preview Assets.xcassets"; sourceTree = "<group>"; };
		BFB2CE5024EE92050037EAB6 /* Base */ = {isa = PBXFileReference; lastKnownFileType = file.storyboard; name = Base; path = Base.lproj/LaunchScreen.storyboard; sourceTree = "<group>"; };
		BFB2CE5224EE92050037EAB6 /* Info.plist */ = {isa = PBXFileReference; lastKnownFileType = text.plist.xml; path = Info.plist; sourceTree = "<group>"; };
		BFB2CE5C24EE9C9D0037EAB6 /* ContactView.swift */ = {isa = PBXFileReference; lastKnownFileType = sourcecode.swift; path = ContactView.swift; sourceTree = "<group>"; };
		BFB2CE5E24EE9CA80037EAB6 /* SettingsView.swift */ = {isa = PBXFileReference; lastKnownFileType = sourcecode.swift; path = SettingsView.swift; sourceTree = "<group>"; };
		BFB2CE6024EE9CBE0037EAB6 /* ChatListView.swift */ = {isa = PBXFileReference; lastKnownFileType = sourcecode.swift; path = ChatListView.swift; sourceTree = "<group>"; };
/* End PBXFileReference section */

/* Begin PBXFrameworksBuildPhase section */
		BFB2CE3E24EE92030037EAB6 /* Frameworks */ = {
			isa = PBXFrameworksBuildPhase;
			buildActionMask = 2147483647;
			files = (
				BFB2CE5A24EE98BF0037EAB6 /* SocketIO in Frameworks */,
			);
			runOnlyForDeploymentPostprocessing = 0;
		};
/* End PBXFrameworksBuildPhase section */

/* Begin PBXGroup section */
		BF00551124EF8719000B1029 /* Model */ = {
			isa = PBXGroup;
			children = (
				BF00551324EF8E5C000B1029 /* ContactModel.swift */,
			);
			path = Model;
			sourceTree = "<group>";
		};
		BF00551224EF88C8000B1029 /* ViewModel */ = {
			isa = PBXGroup;
			children = (
				BF00551624EF9916000B1029 /* ContactViewModel.swift */,
			);
			path = ViewModel;
			sourceTree = "<group>";
		};
		BF00551524EF91B9000B1029 /* ViewController */ = {
			isa = PBXGroup;
			children = (
			);
			path = ViewController;
			sourceTree = "<group>";
		};
		BF00551824EFAC8F000B1029 /* Misc */ = {
			isa = PBXGroup;
			children = (
				BF00551924EFACA7000B1029 /* Server.swift */,
			);
			path = Misc;
			sourceTree = "<group>";
		};
		BFB2CE3824EE92030037EAB6 = {
			isa = PBXGroup;
			children = (
				BFB2CE4324EE92030037EAB6 /* Transmister */,
				BFB2CE4224EE92030037EAB6 /* Products */,
			);
			sourceTree = "<group>";
		};
		BFB2CE4224EE92030037EAB6 /* Products */ = {
			isa = PBXGroup;
			children = (
				BFB2CE4124EE92030037EAB6 /* Transmister.app */,
			);
			name = Products;
			sourceTree = "<group>";
		};
		BFB2CE4324EE92030037EAB6 /* Transmister */ = {
			isa = PBXGroup;
			children = (
				BF00551824EFAC8F000B1029 /* Misc */,
				BF00551524EF91B9000B1029 /* ViewController */,
				BF00551224EF88C8000B1029 /* ViewModel */,
				BF00551124EF8719000B1029 /* Model */,
				BFB2CE5B24EE9C7E0037EAB6 /* View */,
				BFB2CE5224EE92050037EAB6 /* Info.plist */,
				BFB2CE4424EE92030037EAB6 /* AppDelegate.swift */,
				BFB2CE4624EE92030037EAB6 /* SceneDelegate.swift */,
				BFB2CE4A24EE92050037EAB6 /* Assets.xcassets */,
				BFB2CE4F24EE92050037EAB6 /* LaunchScreen.storyboard */,
				BFB2CE4C24EE92050037EAB6 /* Preview Content */,
			);
			path = Transmister;
			sourceTree = "<group>";
		};
		BFB2CE4C24EE92050037EAB6 /* Preview Content */ = {
			isa = PBXGroup;
			children = (
				BFB2CE4D24EE92050037EAB6 /* Preview Assets.xcassets */,
			);
			path = "Preview Content";
			sourceTree = "<group>";
		};
		BFB2CE5B24EE9C7E0037EAB6 /* View */ = {
			isa = PBXGroup;
			children = (
				BFB2CE4824EE92030037EAB6 /* ContentView.swift */,
				BFB2CE5C24EE9C9D0037EAB6 /* ContactView.swift */,
				BFB2CE5E24EE9CA80037EAB6 /* SettingsView.swift */,
				BFB2CE6024EE9CBE0037EAB6 /* ChatListView.swift */,
			);
			path = View;
			sourceTree = "<group>";
		};
/* End PBXGroup section */

/* Begin PBXNativeTarget section */
		BFB2CE4024EE92030037EAB6 /* Transmister */ = {
			isa = PBXNativeTarget;
			buildConfigurationList = BFB2CE5524EE92050037EAB6 /* Build configuration list for PBXNativeTarget "Transmister" */;
			buildPhases = (
				BFB2CE3D24EE92030037EAB6 /* Sources */,
				BFB2CE3E24EE92030037EAB6 /* Frameworks */,
				BFB2CE3F24EE92030037EAB6 /* Resources */,
			);
			buildRules = (
			);
			dependencies = (
			);
			name = Transmister;
			packageProductDependencies = (
				BFB2CE5924EE98BF0037EAB6 /* SocketIO */,
			);
			productName = Transmister;
			productReference = BFB2CE4124EE92030037EAB6 /* Transmister.app */;
			productType = "com.apple.product-type.application";
		};
/* End PBXNativeTarget section */

/* Begin PBXProject section */
		BFB2CE3924EE92030037EAB6 /* Project object */ = {
			isa = PBXProject;
			attributes = {
				LastSwiftUpdateCheck = 1160;
				LastUpgradeCheck = 1160;
				ORGANIZATIONNAME = "Louis Studio";
				TargetAttributes = {
					BFB2CE4024EE92030037EAB6 = {
						CreatedOnToolsVersion = 11.6;
					};
				};
			};
			buildConfigurationList = BFB2CE3C24EE92030037EAB6 /* Build configuration list for PBXProject "Transmister" */;
			compatibilityVersion = "Xcode 9.3";
			developmentRegion = en;
			hasScannedForEncodings = 0;
			knownRegions = (
				en,
				Base,
			);
			mainGroup = BFB2CE3824EE92030037EAB6;
			packageReferences = (
				BFB2CE5824EE98BF0037EAB6 /* XCRemoteSwiftPackageReference "socket" */,
			);
			productRefGroup = BFB2CE4224EE92030037EAB6 /* Products */;
			projectDirPath = "";
			projectRoot = "";
			targets = (
				BFB2CE4024EE92030037EAB6 /* Transmister */,
			);
		};
/* End PBXProject section */

/* Begin PBXResourcesBuildPhase section */
		BFB2CE3F24EE92030037EAB6 /* Resources */ = {
			isa = PBXResourcesBuildPhase;
			buildActionMask = 2147483647;
			files = (
				BFB2CE5124EE92050037EAB6 /* LaunchScreen.storyboard in Resources */,
				BFB2CE4E24EE92050037EAB6 /* Preview Assets.xcassets in Resources */,
				BFB2CE4B24EE92050037EAB6 /* Assets.xcassets in Resources */,
			);
			runOnlyForDeploymentPostprocessing = 0;
		};
/* End PBXResourcesBuildPhase section */

/* Begin PBXSourcesBuildPhase section */
		BFB2CE3D24EE92030037EAB6 /* Sources */ = {
			isa = PBXSourcesBuildPhase;
			buildActionMask = 2147483647;
			files = (
				BFB2CE5F24EE9CA80037EAB6 /* SettingsView.swift in Sources */,
				BF00551724EF9917000B1029 /* ContactViewModel.swift in Sources */,
				BFB2CE4524EE92030037EAB6 /* AppDelegate.swift in Sources */,
				BFB2CE4724EE92030037EAB6 /* SceneDelegate.swift in Sources */,
				BFB2CE4924EE92030037EAB6 /* ContentView.swift in Sources */,
				BF00551424EF8E5C000B1029 /* ContactModel.swift in Sources */,
				BFB2CE6124EE9CBE0037EAB6 /* ChatListView.swift in Sources */,
				BF00551A24EFACA7000B1029 /* Server.swift in Sources */,
				BFB2CE5D24EE9C9D0037EAB6 /* ContactView.swift in Sources */,
			);
			runOnlyForDeploymentPostprocessing = 0;
		};
/* End PBXSourcesBuildPhase section */

/* Begin PBXVariantGroup section */
		BFB2CE4F24EE92050037EAB6 /* LaunchScreen.storyboard */ = {
			isa = PBXVariantGroup;
			children = (
				BFB2CE5024EE92050037EAB6 /* Base */,
			);
			name = LaunchScreen.storyboard;
			sourceTree = "<group>";
		};
/* End PBXVariantGroup section */

/* Begin XCBuildConfiguration section */
		BFB2CE5324EE92050037EAB6 /* Debug */ = {
			isa = XCBuildConfiguration;
			buildSettings = {
				ALWAYS_SEARCH_USER_PATHS = NO;
				CLANG_ANALYZER_NONNULL = YES;
				CLANG_ANALYZER_NUMBER_OBJECT_CONVERSION = YES_AGGRESSIVE;
				CLANG_CXX_LANGUAGE_STANDARD = "gnu++14";
				CLANG_CXX_LIBRARY = "libc++";
				CLANG_ENABLE_MODULES = YES;
				CLANG_ENABLE_OBJC_ARC = YES;
				CLANG_ENABLE_OBJC_WEAK = YES;
				CLANG_WARN_BLOCK_CAPTURE_AUTORELEASING = YES;
				CLANG_WARN_BOOL_CONVERSION = YES;
				CLANG_WARN_COMMA = YES;
				CLANG_WARN_CONSTANT_CONVERSION = YES;
				CLANG_WARN_DEPRECATED_OBJC_IMPLEMENTATIONS = YES;
				CLANG_WARN_DIRECT_OBJC_ISA_USAGE = YES_ERROR;
				CLANG_WARN_DOCUMENTATION_COMMENTS = YES;
				CLANG_WARN_EMPTY_BODY = YES;
				CLANG_WARN_ENUM_CONVERSION = YES;
				CLANG_WARN_INFINITE_RECURSION = YES;
				CLANG_WARN_INT_CONVERSION = YES;
				CLANG_WARN_NON_LITERAL_NULL_CONVERSION = YES;
				CLANG_WARN_OBJC_IMPLICIT_RETAIN_SELF = YES;
				CLANG_WARN_OBJC_LITERAL_CONVERSION = YES;
				CLANG_WARN_OBJC_ROOT_CLASS = YES_ERROR;
				CLANG_WARN_RANGE_LOOP_ANALYSIS = YES;
				CLANG_WARN_STRICT_PROTOTYPES = YES;
				CLANG_WARN_SUSPICIOUS_MOVE = YES;
				CLANG_WARN_UNGUARDED_AVAILABILITY = YES_AGGRESSIVE;
				CLANG_WARN_UNREACHABLE_CODE = YES;
				CLANG_WARN__DUPLICATE_METHOD_MATCH = YES;
				COPY_PHASE_STRIP = NO;
				DEBUG_INFORMATION_FORMAT = dwarf;
				ENABLE_STRICT_OBJC_MSGSEND = YES;
				ENABLE_TESTABILITY = YES;
				GCC_C_LANGUAGE_STANDARD = gnu11;
				GCC_DYNAMIC_NO_PIC = NO;
				GCC_NO_COMMON_BLOCKS = YES;
				GCC_OPTIMIZATION_LEVEL = 0;
				GCC_PREPROCESSOR_DEFINITIONS = (
					"DEBUG=1",
					"$(inherited)",
				);
				GCC_WARN_64_TO_32_BIT_CONVERSION = YES;
				GCC_WARN_ABOUT_RETURN_TYPE = YES_ERROR;
				GCC_WARN_UNDECLARED_SELECTOR = YES;
				GCC_WARN_UNINITIALIZED_AUTOS = YES_AGGRESSIVE;
				GCC_WARN_UNUSED_FUNCTION = YES;
				GCC_WARN_UNUSED_VARIABLE = YES;
				IPHONEOS_DEPLOYMENT_TARGET = 13.6;
				MTL_ENABLE_DEBUG_INFO = INCLUDE_SOURCE;
				MTL_FAST_MATH = YES;
				ONLY_ACTIVE_ARCH = YES;
				SDKROOT = iphoneos;
				SWIFT_ACTIVE_COMPILATION_CONDITIONS = DEBUG;
				SWIFT_OPTIMIZATION_LEVEL = "-Onone";
			};
			name = Debug;
		};
		BFB2CE5424EE92050037EAB6 /* Release */ = {
			isa = XCBuildConfiguration;
			buildSettings = {
				ALWAYS_SEARCH_USER_PATHS = NO;
				CLANG_ANALYZER_NONNULL = YES;
				CLANG_ANALYZER_NUMBER_OBJECT_CONVERSION = YES_AGGRESSIVE;
				CLANG_CXX_LANGUAGE_STANDARD = "gnu++14";
				CLANG_CXX_LIBRARY = "libc++";
				CLANG_ENABLE_MODULES = YES;
				CLANG_ENABLE_OBJC_ARC = YES;
				CLANG_ENABLE_OBJC_WEAK = YES;
				CLANG_WARN_BLOCK_CAPTURE_AUTORELEASING = YES;
				CLANG_WARN_BOOL_CONVERSION = YES;
				CLANG_WARN_COMMA = YES;
				CLANG_WARN_CONSTANT_CONVERSION = YES;
				CLANG_WARN_DEPRECATED_OBJC_IMPLEMENTATIONS = YES;
				CLANG_WARN_DIRECT_OBJC_ISA_USAGE = YES_ERROR;
				CLANG_WARN_DOCUMENTATION_COMMENTS = YES;
				CLANG_WARN_EMPTY_BODY = YES;
				CLANG_WARN_ENUM_CONVERSION = YES;
				CLANG_WARN_INFINITE_RECURSION = YES;
				CLANG_WARN_INT_CONVERSION = YES;
				CLANG_WARN_NON_LITERAL_NULL_CONVERSION = YES;
				CLANG_WARN_OBJC_IMPLICIT_RETAIN_SELF = YES;
				CLANG_WARN_OBJC_LITERAL_CONVERSION = YES;
				CLANG_WARN_OBJC_ROOT_CLASS = YES_ERROR;
				CLANG_WARN_RANGE_LOOP_ANALYSIS = YES;
				CLANG_WARN_STRICT_PROTOTYPES = YES;
				CLANG_WARN_SUSPICIOUS_MOVE = YES;
				CLANG_WARN_UNGUARDED_AVAILABILITY = YES_AGGRESSIVE;
				CLANG_WARN_UNREACHABLE_CODE = YES;
				CLANG_WARN__DUPLICATE_METHOD_MATCH = YES;
				COPY_PHASE_STRIP = NO;
				DEBUG_INFORMATION_FORMAT = "dwarf-with-dsym";
				ENABLE_NS_ASSERTIONS = NO;
				ENABLE_STRICT_OBJC_MSGSEND = YES;
				GCC_C_LANGUAGE_STANDARD = gnu11;
				GCC_NO_COMMON_BLOCKS = YES;
				GCC_WARN_64_TO_32_BIT_CONVERSION = YES;
				GCC_WARN_ABOUT_RETURN_TYPE = YES_ERROR;
				GCC_WARN_UNDECLARED_SELECTOR = YES;
				GCC_WARN_UNINITIALIZED_AUTOS = YES_AGGRESSIVE;
				GCC_WARN_UNUSED_FUNCTION = YES;
				GCC_WARN_UNUSED_VARIABLE = YES;
				IPHONEOS_DEPLOYMENT_TARGET = 13.6;
				MTL_ENABLE_DEBUG_INFO = NO;
				MTL_FAST_MATH = YES;
				SDKROOT = iphoneos;
				SWIFT_COMPILATION_MODE = wholemodule;
				SWIFT_OPTIMIZATION_LEVEL = "-O";
				VALIDATE_PRODUCT = YES;
			};
			name = Release;
		};
		BFB2CE5624EE92050037EAB6 /* Debug */ = {
			isa = XCBuildConfiguration;
			buildSettings = {
				ASSETCATALOG_COMPILER_APPICON_NAME = AppIcon;
				CODE_SIGN_ENTITLEMENTS = "";
				CODE_SIGN_IDENTITY = "Apple Development";
				CODE_SIGN_STYLE = Automatic;
				DEVELOPMENT_ASSET_PATHS = "\"Transmister/Preview Content\"";
				DEVELOPMENT_TEAM = N5R4643XP6;
				ENABLE_PREVIEWS = YES;
				INFOPLIST_FILE = Transmister/Info.plist;
				LD_RUNPATH_SEARCH_PATHS = (
					"$(inherited)",
					"@executable_path/Frameworks",
				);
				PRODUCT_BUNDLE_IDENTIFIER = ios.transmister.main;
				PRODUCT_NAME = "$(TARGET_NAME)";
				PROVISIONING_PROFILE_SPECIFIER = "";
				SUPPORTS_MACCATALYST = NO;
				SWIFT_VERSION = 5.0;
				TARGETED_DEVICE_FAMILY = "1,2";
			};
			name = Debug;
		};
		BFB2CE5724EE92050037EAB6 /* Release */ = {
			isa = XCBuildConfiguration;
			buildSettings = {
				ASSETCATALOG_COMPILER_APPICON_NAME = AppIcon;
				CODE_SIGN_IDENTITY = "Apple Development";
				CODE_SIGN_STYLE = Automatic;
				DEVELOPMENT_ASSET_PATHS = "\"Transmister/Preview Content\"";
				DEVELOPMENT_TEAM = N5R4643XP6;
				ENABLE_PREVIEWS = YES;
				INFOPLIST_FILE = Transmister/Info.plist;
				LD_RUNPATH_SEARCH_PATHS = (
					"$(inherited)",
					"@executable_path/Frameworks",
				);
				PRODUCT_BUNDLE_IDENTIFIER = ios.transmister.main;
				PRODUCT_NAME = "$(TARGET_NAME)";
				PROVISIONING_PROFILE_SPECIFIER = "";
				SUPPORTS_MACCATALYST = NO;
				SWIFT_VERSION = 5.0;
				TARGETED_DEVICE_FAMILY = "1,2";
			};
			name = Release;
		};
/* End XCBuildConfiguration section */

/* Begin XCConfigurationList section */
		BFB2CE3C24EE92030037EAB6 /* Build configuration list for PBXProject "Transmister" */ = {
			isa = XCConfigurationList;
			buildConfigurations = (
				BFB2CE5324EE92050037EAB6 /* Debug */,
				BFB2CE5424EE92050037EAB6 /* Release */,
			);
			defaultConfigurationIsVisible = 0;
			defaultConfigurationName = Release;
		};
		BFB2CE5524EE92050037EAB6 /* Build configuration list for PBXNativeTarget "Transmister" */ = {
			isa = XCConfigurationList;
			buildConfigurations = (
				BFB2CE5624EE92050037EAB6 /* Debug */,
				BFB2CE5724EE92050037EAB6 /* Release */,
			);
			defaultConfigurationIsVisible = 0;
			defaultConfigurationName = Release;
		};
/* End XCConfigurationList section */

/* Begin XCRemoteSwiftPackageReference section */
		BFB2CE5824EE98BF0037EAB6 /* XCRemoteSwiftPackageReference "socket" */ = {
			isa = XCRemoteSwiftPackageReference;
			repositoryURL = "https://github.com/socketio/socket.io-client-swift";
			requirement = {
				kind = upToNextMinorVersion;
				minimumVersion = 15.0.0;
			};
		};
/* End XCRemoteSwiftPackageReference section */

/* Begin XCSwiftPackageProductDependency section */
		BFB2CE5924EE98BF0037EAB6 /* SocketIO */ = {
			isa = XCSwiftPackageProductDependency;
			package = BFB2CE5824EE98BF0037EAB6 /* XCRemoteSwiftPackageReference "socket" */;
			productName = SocketIO;
		};
/* End XCSwiftPackageProductDependency section */
	};
	rootObject = BFB2CE3924EE92030037EAB6 /* Project object */;
}
